// !$*UTF8*$!
{
	archiveVersion = 1;
	classes = {
	};
	objectVersion = 56;
	objects = {

/* Begin PBXBuildFile section */
		7C03EF382AC283FB005136BA /* ScanAddView.swift in Sources */ = {isa = PBXBuildFile; fileRef = 7C03EF372AC283FB005136BA /* ScanAddView.swift */; };
		7C379EEE2A4C8D7A006A9451 /* TestSQL.swift in Sources */ = {isa = PBXBuildFile; fileRef = 7C379EED2A4C8D7A006A9451 /* TestSQL.swift */; };
		7C379EF12A4C8E4B006A9451 /* PostgresClientKit in Frameworks */ = {isa = PBXBuildFile; productRef = 7C379EF02A4C8E4B006A9451 /* PostgresClientKit */; };
		7C3E0C262AA6654B00F22137 /* AllRecipesView.swift in Sources */ = {isa = PBXBuildFile; fileRef = 7C3E0C252AA6654B00F22137 /* AllRecipesView.swift */; };
		7C3E0C282AA6655F00F22137 /* FridgeView.swift in Sources */ = {isa = PBXBuildFile; fileRef = 7C3E0C272AA6655F00F22137 /* FridgeView.swift */; };
		7C3E0C2A2AA6703900F22137 /* Server.swift in Sources */ = {isa = PBXBuildFile; fileRef = 7C3E0C292AA6703900F22137 /* Server.swift */; };
		7C564ECA2A68662300942014 /* Auth0 in Frameworks */ = {isa = PBXBuildFile; productRef = 7C564EC92A68662300942014 /* Auth0 */; };
		7C564ECC2A68668D00942014 /* Auth0.plist in Resources */ = {isa = PBXBuildFile; fileRef = 7C564ECB2A68668D00942014 /* Auth0.plist */; };
		7C564ECE2A68686B00942014 /* User.swift in Sources */ = {isa = PBXBuildFile; fileRef = 7C564ECD2A68686B00942014 /* User.swift */; };
		7CB99CAC2A4B76E300786DEE /* RecipeRecommenderApp.swift in Sources */ = {isa = PBXBuildFile; fileRef = 7CB99CAB2A4B76E300786DEE /* RecipeRecommenderApp.swift */; };
		7CB99CAE2A4B76E300786DEE /* ContentView.swift in Sources */ = {isa = PBXBuildFile; fileRef = 7CB99CAD2A4B76E300786DEE /* ContentView.swift */; };
		7CB99CB02A4B76E400786DEE /* Assets.xcassets in Resources */ = {isa = PBXBuildFile; fileRef = 7CB99CAF2A4B76E400786DEE /* Assets.xcassets */; };
		7CB99CB32A4B76E400786DEE /* Preview Assets.xcassets in Resources */ = {isa = PBXBuildFile; fileRef = 7CB99CB22A4B76E400786DEE /* Preview Assets.xcassets */; };
		7CB99CBA2A4B770D00786DEE /* RecommendationsView.swift in Sources */ = {isa = PBXBuildFile; fileRef = 7CB99CB92A4B770D00786DEE /* RecommendationsView.swift */; };
		7CEE058D2AB14D5E00F9BF1D /* Structs.swift in Sources */ = {isa = PBXBuildFile; fileRef = 7CEE058C2AB14D5E00F9BF1D /* Structs.swift */; };
		F27318DD2AA6704800BE5AAF /* Scanner.swift in Sources */ = {isa = PBXBuildFile; fileRef = F27318DC2AA6704800BE5AAF /* Scanner.swift */; };
		F27318DF2AA671D500BE5AAF /* ScanData.swift in Sources */ = {isa = PBXBuildFile; fileRef = F27318DE2AA671D500BE5AAF /* ScanData.swift */; };
		F27318E12AA6743A00BE5AAF /* TextRecognizer.swift in Sources */ = {isa = PBXBuildFile; fileRef = F27318E02AA6743A00BE5AAF /* TextRecognizer.swift */; };
/* End PBXBuildFile section */

/* Begin PBXFileReference section */
		7C03EF372AC283FB005136BA /* ScanAddView.swift */ = {isa = PBXFileReference; lastKnownFileType = sourcecode.swift; path = ScanAddView.swift; sourceTree = "<group>"; };
		7C379EED2A4C8D7A006A9451 /* TestSQL.swift */ = {isa = PBXFileReference; lastKnownFileType = sourcecode.swift; path = TestSQL.swift; sourceTree = "<group>"; };
		7C3E0C252AA6654B00F22137 /* AllRecipesView.swift */ = {isa = PBXFileReference; lastKnownFileType = sourcecode.swift; path = AllRecipesView.swift; sourceTree = "<group>"; };
		7C3E0C272AA6655F00F22137 /* FridgeView.swift */ = {isa = PBXFileReference; lastKnownFileType = sourcecode.swift; path = FridgeView.swift; sourceTree = "<group>"; };
		7C3E0C292AA6703900F22137 /* Server.swift */ = {isa = PBXFileReference; lastKnownFileType = sourcecode.swift; path = Server.swift; sourceTree = "<group>"; };
		7C564EC72A68658800942014 /* Info.plist */ = {isa = PBXFileReference; lastKnownFileType = text.plist; path = Info.plist; sourceTree = "<group>"; };
		7C564ECB2A68668D00942014 /* Auth0.plist */ = {isa = PBXFileReference; lastKnownFileType = text.plist.xml; path = Auth0.plist; sourceTree = "<group>"; };
		7C564ECD2A68686B00942014 /* User.swift */ = {isa = PBXFileReference; lastKnownFileType = sourcecode.swift; path = User.swift; sourceTree = "<group>"; };
		7CB99CA82A4B76E300786DEE /* RecipeRecommender.app */ = {isa = PBXFileReference; explicitFileType = wrapper.application; includeInIndex = 0; path = RecipeRecommender.app; sourceTree = BUILT_PRODUCTS_DIR; };
		7CB99CAB2A4B76E300786DEE /* RecipeRecommenderApp.swift */ = {isa = PBXFileReference; lastKnownFileType = sourcecode.swift; path = RecipeRecommenderApp.swift; sourceTree = "<group>"; };
		7CB99CAD2A4B76E300786DEE /* ContentView.swift */ = {isa = PBXFileReference; lastKnownFileType = sourcecode.swift; path = ContentView.swift; sourceTree = "<group>"; };
		7CB99CAF2A4B76E400786DEE /* Assets.xcassets */ = {isa = PBXFileReference; lastKnownFileType = folder.assetcatalog; path = Assets.xcassets; sourceTree = "<group>"; };
		7CB99CB22A4B76E400786DEE /* Preview Assets.xcassets */ = {isa = PBXFileReference; lastKnownFileType = folder.assetcatalog; path = "Preview Assets.xcassets"; sourceTree = "<group>"; };
		7CB99CB92A4B770D00786DEE /* RecommendationsView.swift */ = {isa = PBXFileReference; lastKnownFileType = sourcecode.swift; path = RecommendationsView.swift; sourceTree = "<group>"; };
		7CEE058C2AB14D5E00F9BF1D /* Structs.swift */ = {isa = PBXFileReference; lastKnownFileType = sourcecode.swift; path = Structs.swift; sourceTree = "<group>"; };
		F27318DC2AA6704800BE5AAF /* Scanner.swift */ = {isa = PBXFileReference; lastKnownFileType = sourcecode.swift; path = Scanner.swift; sourceTree = "<group>"; };
		F27318DE2AA671D500BE5AAF /* ScanData.swift */ = {isa = PBXFileReference; lastKnownFileType = sourcecode.swift; path = ScanData.swift; sourceTree = "<group>"; };
		F27318E02AA6743A00BE5AAF /* TextRecognizer.swift */ = {isa = PBXFileReference; lastKnownFileType = sourcecode.swift; path = TextRecognizer.swift; sourceTree = "<group>"; };
/* End PBXFileReference section */

/* Begin PBXFrameworksBuildPhase section */
		7CB99CA52A4B76E300786DEE /* Frameworks */ = {
			isa = PBXFrameworksBuildPhase;
			buildActionMask = 2147483647;
			files = (
				7C379EF12A4C8E4B006A9451 /* PostgresClientKit in Frameworks */,
				7C564ECA2A68662300942014 /* Auth0 in Frameworks */,
			);
			runOnlyForDeploymentPostprocessing = 0;
		};
/* End PBXFrameworksBuildPhase section */

/* Begin PBXGroup section */
		7C03EF342AC28398005136BA /* Pages */ = {
			isa = PBXGroup;
			children = (
				7CB99CB92A4B770D00786DEE /* RecommendationsView.swift */,
				7C3E0C272AA6655F00F22137 /* FridgeView.swift */,
				7C3E0C252AA6654B00F22137 /* AllRecipesView.swift */,
				7C03EF372AC283FB005136BA /* ScanAddView.swift */,
			);
			path = Pages;
			sourceTree = "<group>";
		};
		7C379EEC2A4C8D55006A9451 /* Backend */ = {
			isa = PBXGroup;
			children = (
				7C379EED2A4C8D7A006A9451 /* TestSQL.swift */,
				7C3E0C292AA6703900F22137 /* Server.swift */,
				7CEE058C2AB14D5E00F9BF1D /* Structs.swift */,
			);
			path = Backend;
			sourceTree = "<group>";
		};
		7CB99C9F2A4B76E300786DEE = {
			isa = PBXGroup;
			children = (
				7CB99CAA2A4B76E300786DEE /* RecipeRecommender */,
				7CB99CA92A4B76E300786DEE /* Products */,
			);
			sourceTree = "<group>";
		};
		7CB99CA92A4B76E300786DEE /* Products */ = {
			isa = PBXGroup;
			children = (
				7CB99CA82A4B76E300786DEE /* RecipeRecommender.app */,
			);
			name = Products;
			sourceTree = "<group>";
		};
		7CB99CAA2A4B76E300786DEE /* RecipeRecommender */ = {
			isa = PBXGroup;
			children = (
				7C564EC72A68658800942014 /* Info.plist */,
				7C564ECB2A68668D00942014 /* Auth0.plist */,
				F27318DE2AA671D500BE5AAF /* ScanData.swift */,
				7C03EF342AC28398005136BA /* Pages */,
				F27318DC2AA6704800BE5AAF /* Scanner.swift */,
				F27318E02AA6743A00BE5AAF /* TextRecognizer.swift */,
				7CB99CAB2A4B76E300786DEE /* RecipeRecommenderApp.swift */,
				7CB99CAD2A4B76E300786DEE /* ContentView.swift */,
				7C564ECD2A68686B00942014 /* User.swift */,
				7C379EEC2A4C8D55006A9451 /* Backend */,
				7CB99CAF2A4B76E400786DEE /* Assets.xcassets */,
				7CB99CB12A4B76E400786DEE /* Preview Content */,
			);
			path = RecipeRecommender;
			sourceTree = "<group>";
		};
		7CB99CB12A4B76E400786DEE /* Preview Content */ = {
			isa = PBXGroup;
			children = (
				7CB99CB22A4B76E400786DEE /* Preview Assets.xcassets */,
			);
			path = "Preview Content";
			sourceTree = "<group>";
		};
/* End PBXGroup section */

/* Begin PBXNativeTarget section */
		7CB99CA72A4B76E300786DEE /* RecipeRecommender */ = {
			isa = PBXNativeTarget;
			buildConfigurationList = 7CB99CB62A4B76E400786DEE /* Build configuration list for PBXNativeTarget "RecipeRecommender" */;
			buildPhases = (
				7CB99CA42A4B76E300786DEE /* Sources */,
				7CB99CA52A4B76E300786DEE /* Frameworks */,
				7CB99CA62A4B76E300786DEE /* Resources */,
			);
			buildRules = (
			);
			dependencies = (
			);
			name = RecipeRecommender;
			packageProductDependencies = (
				7C379EF02A4C8E4B006A9451 /* PostgresClientKit */,
				7C564EC92A68662300942014 /* Auth0 */,
			);
			productName = RecipeRecommender;
			productReference = 7CB99CA82A4B76E300786DEE /* RecipeRecommender.app */;
			productType = "com.apple.product-type.application";
		};
/* End PBXNativeTarget section */

/* Begin PBXProject section */
		7CB99CA02A4B76E300786DEE /* Project object */ = {
			isa = PBXProject;
			attributes = {
				BuildIndependentTargetsInParallel = 1;
				LastSwiftUpdateCheck = 1420;
				LastUpgradeCheck = 1420;
				TargetAttributes = {
					7CB99CA72A4B76E300786DEE = {
						CreatedOnToolsVersion = 14.2;
					};
				};
			};
			buildConfigurationList = 7CB99CA32A4B76E300786DEE /* Build configuration list for PBXProject "RecipeRecommender" */;
			compatibilityVersion = "Xcode 14.0";
			developmentRegion = en;
			hasScannedForEncodings = 0;
			knownRegions = (
				en,
				Base,
			);
			mainGroup = 7CB99C9F2A4B76E300786DEE;
			packageReferences = (
				7C379EEF2A4C8E4B006A9451 /* XCRemoteSwiftPackageReference "PostgresClientKit" */,
				7C564EC82A68662300942014 /* XCRemoteSwiftPackageReference "Auth0" */,
			);
			productRefGroup = 7CB99CA92A4B76E300786DEE /* Products */;
			projectDirPath = "";
			projectRoot = "";
			targets = (
				7CB99CA72A4B76E300786DEE /* RecipeRecommender */,
			);
		};
/* End PBXProject section */

/* Begin PBXResourcesBuildPhase section */
		7CB99CA62A4B76E300786DEE /* Resources */ = {
			isa = PBXResourcesBuildPhase;
			buildActionMask = 2147483647;
			files = (
				7CB99CB32A4B76E400786DEE /* Preview Assets.xcassets in Resources */,
				7C564ECC2A68668D00942014 /* Auth0.plist in Resources */,
				7CB99CB02A4B76E400786DEE /* Assets.xcassets in Resources */,
			);
			runOnlyForDeploymentPostprocessing = 0;
		};
/* End PBXResourcesBuildPhase section */

/* Begin PBXSourcesBuildPhase section */
		7CB99CA42A4B76E300786DEE /* Sources */ = {
			isa = PBXSourcesBuildPhase;
			buildActionMask = 2147483647;
			files = (
				7C03EF382AC283FB005136BA /* ScanAddView.swift in Sources */,
				7CEE058D2AB14D5E00F9BF1D /* Structs.swift in Sources */,
				7C379EEE2A4C8D7A006A9451 /* TestSQL.swift in Sources */,
				7CB99CAE2A4B76E300786DEE /* ContentView.swift in Sources */,
				F27318E12AA6743A00BE5AAF /* TextRecognizer.swift in Sources */,
				7CB99CBA2A4B770D00786DEE /* RecommendationsView.swift in Sources */,
				7C3E0C262AA6654B00F22137 /* AllRecipesView.swift in Sources */,
				7C3E0C282AA6655F00F22137 /* FridgeView.swift in Sources */,
				F27318DD2AA6704800BE5AAF /* Scanner.swift in Sources */,
				7C564ECE2A68686B00942014 /* User.swift in Sources */,
				7C3E0C2A2AA6703900F22137 /* Server.swift in Sources */,
				7CB99CAC2A4B76E300786DEE /* RecipeRecommenderApp.swift in Sources */,
				F27318DF2AA671D500BE5AAF /* ScanData.swift in Sources */,
			);
			runOnlyForDeploymentPostprocessing = 0;
		};
/* End PBXSourcesBuildPhase section */

/* Begin XCBuildConfiguration section */
		7CB99CB42A4B76E400786DEE /* Debug */ = {
			isa = XCBuildConfiguration;
			buildSettings = {
				ALWAYS_SEARCH_USER_PATHS = NO;
				CLANG_ANALYZER_NONNULL = YES;
				CLANG_ANALYZER_NUMBER_OBJECT_CONVERSION = YES_AGGRESSIVE;
				CLANG_CXX_LANGUAGE_STANDARD = "gnu++20";
				CLANG_ENABLE_MODULES = YES;
				CLANG_ENABLE_OBJC_ARC = YES;
				CLANG_ENABLE_OBJC_WEAK = YES;
				CLANG_WARN_BLOCK_CAPTURE_AUTORELEASING = YES;
				CLANG_WARN_BOOL_CONVERSION = YES;
				CLANG_WARN_COMMA = YES;
				CLANG_WARN_CONSTANT_CONVERSION = YES;
				CLANG_WARN_DEPRECATED_OBJC_IMPLEMENTATIONS = YES;
				CLANG_WARN_DIRECT_OBJC_ISA_USAGE = YES_ERROR;
				CLANG_WARN_DOCUMENTATION_COMMENTS = YES;
				CLANG_WARN_EMPTY_BODY = YES;
				CLANG_WARN_ENUM_CONVERSION = YES;
				CLANG_WARN_INFINITE_RECURSION = YES;
				CLANG_WARN_INT_CONVERSION = YES;
				CLANG_WARN_NON_LITERAL_NULL_CONVERSION = YES;
				CLANG_WARN_OBJC_IMPLICIT_RETAIN_SELF = YES;
				CLANG_WARN_OBJC_LITERAL_CONVERSION = YES;
				CLANG_WARN_OBJC_ROOT_CLASS = YES_ERROR;
				CLANG_WARN_QUOTED_INCLUDE_IN_FRAMEWORK_HEADER = YES;
				CLANG_WARN_RANGE_LOOP_ANALYSIS = YES;
				CLANG_WARN_STRICT_PROTOTYPES = YES;
				CLANG_WARN_SUSPICIOUS_MOVE = YES;
				CLANG_WARN_UNGUARDED_AVAILABILITY = YES_AGGRESSIVE;
				CLANG_WARN_UNREACHABLE_CODE = YES;
				CLANG_WARN__DUPLICATE_METHOD_MATCH = YES;
				COPY_PHASE_STRIP = NO;
				DEBUG_INFORMATION_FORMAT = dwarf;
				ENABLE_STRICT_OBJC_MSGSEND = YES;
				ENABLE_TESTABILITY = YES;
				GCC_C_LANGUAGE_STANDARD = gnu11;
				GCC_DYNAMIC_NO_PIC = NO;
				GCC_NO_COMMON_BLOCKS = YES;
				GCC_OPTIMIZATION_LEVEL = 0;
				GCC_PREPROCESSOR_DEFINITIONS = (
					"DEBUG=1",
					"$(inherited)",
				);
				GCC_WARN_64_TO_32_BIT_CONVERSION = YES;
				GCC_WARN_ABOUT_RETURN_TYPE = YES_ERROR;
				GCC_WARN_UNDECLARED_SELECTOR = YES;
				GCC_WARN_UNINITIALIZED_AUTOS = YES_AGGRESSIVE;
				GCC_WARN_UNUSED_FUNCTION = YES;
				GCC_WARN_UNUSED_VARIABLE = YES;
				IPHONEOS_DEPLOYMENT_TARGET = 16.2;
				MTL_ENABLE_DEBUG_INFO = INCLUDE_SOURCE;
				MTL_FAST_MATH = YES;
				ONLY_ACTIVE_ARCH = YES;
				SDKROOT = iphoneos;
				SWIFT_ACTIVE_COMPILATION_CONDITIONS = DEBUG;
				SWIFT_OPTIMIZATION_LEVEL = "-Onone";
			};
			name = Debug;
		};
		7CB99CB52A4B76E400786DEE /* Release */ = {
			isa = XCBuildConfiguration;
			buildSettings = {
				ALWAYS_SEARCH_USER_PATHS = NO;
				CLANG_ANALYZER_NONNULL = YES;
				CLANG_ANALYZER_NUMBER_OBJECT_CONVERSION = YES_AGGRESSIVE;
				CLANG_CXX_LANGUAGE_STANDARD = "gnu++20";
				CLANG_ENABLE_MODULES = YES;
				CLANG_ENABLE_OBJC_ARC = YES;
				CLANG_ENABLE_OBJC_WEAK = YES;
				CLANG_WARN_BLOCK_CAPTURE_AUTORELEASING = YES;
				CLANG_WARN_BOOL_CONVERSION = YES;
				CLANG_WARN_COMMA = YES;
				CLANG_WARN_CONSTANT_CONVERSION = YES;
				CLANG_WARN_DEPRECATED_OBJC_IMPLEMENTATIONS = YES;
				CLANG_WARN_DIRECT_OBJC_ISA_USAGE = YES_ERROR;
				CLANG_WARN_DOCUMENTATION_COMMENTS = YES;
				CLANG_WARN_EMPTY_BODY = YES;
				CLANG_WARN_ENUM_CONVERSION = YES;
				CLANG_WARN_INFINITE_RECURSION = YES;
				CLANG_WARN_INT_CONVERSION = YES;
				CLANG_WARN_NON_LITERAL_NULL_CONVERSION = YES;
				CLANG_WARN_OBJC_IMPLICIT_RETAIN_SELF = YES;
				CLANG_WARN_OBJC_LITERAL_CONVERSION = YES;
				CLANG_WARN_OBJC_ROOT_CLASS = YES_ERROR;
				CLANG_WARN_QUOTED_INCLUDE_IN_FRAMEWORK_HEADER = YES;
				CLANG_WARN_RANGE_LOOP_ANALYSIS = YES;
				CLANG_WARN_STRICT_PROTOTYPES = YES;
				CLANG_WARN_SUSPICIOUS_MOVE = YES;
				CLANG_WARN_UNGUARDED_AVAILABILITY = YES_AGGRESSIVE;
				CLANG_WARN_UNREACHABLE_CODE = YES;
				CLANG_WARN__DUPLICATE_METHOD_MATCH = YES;
				COPY_PHASE_STRIP = NO;
				DEBUG_INFORMATION_FORMAT = "dwarf-with-dsym";
				ENABLE_NS_ASSERTIONS = NO;
				ENABLE_STRICT_OBJC_MSGSEND = YES;
				GCC_C_LANGUAGE_STANDARD = gnu11;
				GCC_NO_COMMON_BLOCKS = YES;
				GCC_WARN_64_TO_32_BIT_CONVERSION = YES;
				GCC_WARN_ABOUT_RETURN_TYPE = YES_ERROR;
				GCC_WARN_UNDECLARED_SELECTOR = YES;
				GCC_WARN_UNINITIALIZED_AUTOS = YES_AGGRESSIVE;
				GCC_WARN_UNUSED_FUNCTION = YES;
				GCC_WARN_UNUSED_VARIABLE = YES;
				IPHONEOS_DEPLOYMENT_TARGET = 16.2;
				MTL_ENABLE_DEBUG_INFO = NO;
				MTL_FAST_MATH = YES;
				SDKROOT = iphoneos;
				SWIFT_COMPILATION_MODE = wholemodule;
				SWIFT_OPTIMIZATION_LEVEL = "-O";
				VALIDATE_PRODUCT = YES;
			};
			name = Release;
		};
		7CB99CB72A4B76E400786DEE /* Debug */ = {
			isa = XCBuildConfiguration;
			buildSettings = {
				ASSETCATALOG_COMPILER_APPICON_NAME = AppIcon;
				ASSETCATALOG_COMPILER_GLOBAL_ACCENT_COLOR_NAME = AccentColor;
				CODE_SIGN_STYLE = Automatic;
				CURRENT_PROJECT_VERSION = 1;
				DEVELOPMENT_ASSET_PATHS = "\"RecipeRecommender/Preview Content\"";
				DEVELOPMENT_TEAM = 6JVL9XXT7F;
				ENABLE_PREVIEWS = YES;
				GENERATE_INFOPLIST_FILE = YES;
				INFOPLIST_FILE = RecipeRecommender/Info.plist;
				INFOPLIST_KEY_UIApplicationSceneManifest_Generation = YES;
				INFOPLIST_KEY_UIApplicationSupportsIndirectInputEvents = YES;
				INFOPLIST_KEY_UILaunchScreen_Generation = YES;
				INFOPLIST_KEY_UISupportedInterfaceOrientations_iPad = "UIInterfaceOrientationPortrait UIInterfaceOrientationPortraitUpsideDown UIInterfaceOrientationLandscapeLeft UIInterfaceOrientationLandscapeRight";
				INFOPLIST_KEY_UISupportedInterfaceOrientations_iPhone = "UIInterfaceOrientationPortrait UIInterfaceOrientationLandscapeLeft UIInterfaceOrientationLandscapeRight";
				LD_RUNPATH_SEARCH_PATHS = (
					"$(inherited)",
					"@executable_path/Frameworks",
				);
				MARKETING_VERSION = 1.0;
				PRODUCT_BUNDLE_IDENTIFIER = josephyu12.RecipeRecommender;
				PRODUCT_NAME = "$(TARGET_NAME)";
				SWIFT_EMIT_LOC_STRINGS = YES;
				SWIFT_VERSION = 5.0;
				TARGETED_DEVICE_FAMILY = "1,2";
			};
			name = Debug;
		};
		7CB99CB82A4B76E400786DEE /* Release */ = {
			isa = XCBuildConfiguration;
			buildSettings = {
				ASSETCATALOG_COMPILER_APPICON_NAME = AppIcon;
				ASSETCATALOG_COMPILER_GLOBAL_ACCENT_COLOR_NAME = AccentColor;
				CODE_SIGN_STYLE = Automatic;
				CURRENT_PROJECT_VERSION = 1;
				DEVELOPMENT_ASSET_PATHS = "\"RecipeRecommender/Preview Content\"";
				DEVELOPMENT_TEAM = 6JVL9XXT7F;
				ENABLE_PREVIEWS = YES;
				GENERATE_INFOPLIST_FILE = YES;
				INFOPLIST_FILE = RecipeRecommender/Info.plist;
				INFOPLIST_KEY_UIApplicationSceneManifest_Generation = YES;
				INFOPLIST_KEY_UIApplicationSupportsIndirectInputEvents = YES;
				INFOPLIST_KEY_UILaunchScreen_Generation = YES;
				INFOPLIST_KEY_UISupportedInterfaceOrientations_iPad = "UIInterfaceOrientationPortrait UIInterfaceOrientationPortraitUpsideDown UIInterfaceOrientationLandscapeLeft UIInterfaceOrientationLandscapeRight";
				INFOPLIST_KEY_UISupportedInterfaceOrientations_iPhone = "UIInterfaceOrientationPortrait UIInterfaceOrientationLandscapeLeft UIInterfaceOrientationLandscapeRight";
				LD_RUNPATH_SEARCH_PATHS = (
					"$(inherited)",
					"@executable_path/Frameworks",
				);
				MARKETING_VERSION = 1.0;
				PRODUCT_BUNDLE_IDENTIFIER = josephyu12.RecipeRecommender;
				PRODUCT_NAME = "$(TARGET_NAME)";
				SWIFT_EMIT_LOC_STRINGS = YES;
				SWIFT_VERSION = 5.0;
				TARGETED_DEVICE_FAMILY = "1,2";
			};
			name = Release;
		};
/* End XCBuildConfiguration section */

/* Begin XCConfigurationList section */
		7CB99CA32A4B76E300786DEE /* Build configuration list for PBXProject "RecipeRecommender" */ = {
			isa = XCConfigurationList;
			buildConfigurations = (
				7CB99CB42A4B76E400786DEE /* Debug */,
				7CB99CB52A4B76E400786DEE /* Release */,
			);
			defaultConfigurationIsVisible = 0;
			defaultConfigurationName = Release;
		};
		7CB99CB62A4B76E400786DEE /* Build configuration list for PBXNativeTarget "RecipeRecommender" */ = {
			isa = XCConfigurationList;
			buildConfigurations = (
				7CB99CB72A4B76E400786DEE /* Debug */,
				7CB99CB82A4B76E400786DEE /* Release */,
			);
			defaultConfigurationIsVisible = 0;
			defaultConfigurationName = Release;
		};
/* End XCConfigurationList section */

/* Begin XCRemoteSwiftPackageReference section */
		7C379EEF2A4C8E4B006A9451 /* XCRemoteSwiftPackageReference "PostgresClientKit" */ = {
			isa = XCRemoteSwiftPackageReference;
			repositoryURL = "https://github.com/codewinsdotcom/PostgresClientKit";
			requirement = {
				branch = master;
				kind = branch;
			};
		};
		7C564EC82A68662300942014 /* XCRemoteSwiftPackageReference "Auth0" */ = {
			isa = XCRemoteSwiftPackageReference;
			repositoryURL = "https://github.com/auth0/Auth0.swift";
			requirement = {
				kind = upToNextMajorVersion;
				minimumVersion = 2.0.0;
			};
		};
/* End XCRemoteSwiftPackageReference section */

/* Begin XCSwiftPackageProductDependency section */
		7C379EF02A4C8E4B006A9451 /* PostgresClientKit */ = {
			isa = XCSwiftPackageProductDependency;
			package = 7C379EEF2A4C8E4B006A9451 /* XCRemoteSwiftPackageReference "PostgresClientKit" */;
			productName = PostgresClientKit;
		};
		7C564EC92A68662300942014 /* Auth0 */ = {
			isa = XCSwiftPackageProductDependency;
			package = 7C564EC82A68662300942014 /* XCRemoteSwiftPackageReference "Auth0" */;
			productName = Auth0;
		};
/* End XCSwiftPackageProductDependency section */
	};
	rootObject = 7CB99CA02A4B76E300786DEE /* Project object */;
}
